// !$*UTF8*$!
{
	archiveVersion = 1;
	classes = {
	};
	objectVersion = 50;
	objects = {

/* Begin PBXBuildFile section */
		646AC748235A6B3A00B9DBF4 /* Username controller.swift in Sources */ = {isa = PBXBuildFile; fileRef = 646AC747235A6B3A00B9DBF4 /* Username controller.swift */; };
		64FC79E923512A100043366E /* AppDelegate.swift in Sources */ = {isa = PBXBuildFile; fileRef = 64FC79E823512A100043366E /* AppDelegate.swift */; };
		64FC79EB23512A100043366E /* SceneDelegate.swift in Sources */ = {isa = PBXBuildFile; fileRef = 64FC79EA23512A100043366E /* SceneDelegate.swift */; };
		64FC79ED23512A100043366E /* ViewController.swift in Sources */ = {isa = PBXBuildFile; fileRef = 64FC79EC23512A100043366E /* ViewController.swift */; };
		64FC79F023512A100043366E /* Main.storyboard in Resources */ = {isa = PBXBuildFile; fileRef = 64FC79EE23512A100043366E /* Main.storyboard */; };
		64FC79F223512A130043366E /* Assets.xcassets in Resources */ = {isa = PBXBuildFile; fileRef = 64FC79F123512A130043366E /* Assets.xcassets */; };
		64FC79F523512A130043366E /* LaunchScreen.storyboard in Resources */ = {isa = PBXBuildFile; fileRef = 64FC79F323512A130043366E /* LaunchScreen.storyboard */; };
		64FC7A0023512A140043366E /* LoginScreenTests.swift in Sources */ = {isa = PBXBuildFile; fileRef = 64FC79FF23512A140043366E /* LoginScreenTests.swift */; };
		64FC7A0B23512A140043366E /* LoginScreenUITests.swift in Sources */ = {isa = PBXBuildFile; fileRef = 64FC7A0A23512A140043366E /* LoginScreenUITests.swift */; };
/* End PBXBuildFile section */

/* Begin PBXContainerItemProxy section */
		64FC79FC23512A140043366E /* PBXContainerItemProxy */ = {
			isa = PBXContainerItemProxy;
			containerPortal = 64FC79DD23512A0F0043366E /* Project object */;
			proxyType = 1;
			remoteGlobalIDString = 64FC79E423512A100043366E;
			remoteInfo = LoginScreen;
		};
		64FC7A0723512A140043366E /* PBXContainerItemProxy */ = {
			isa = PBXContainerItemProxy;
			containerPortal = 64FC79DD23512A0F0043366E /* Project object */;
			proxyType = 1;
			remoteGlobalIDString = 64FC79E423512A100043366E;
			remoteInfo = LoginScreen;
		};
/* End PBXContainerItemProxy section */

/* Begin PBXFileReference section */
		646AC747235A6B3A00B9DBF4 /* Username controller.swift */ = {isa = PBXFileReference; lastKnownFileType = sourcecode.swift; path = "Username controller.swift"; sourceTree = "<group>"; };
		64FC79E523512A100043366E /* LoginScreen.app */ = {isa = PBXFileReference; explicitFileType = wrapper.application; includeInIndex = 0; path = LoginScreen.app; sourceTree = BUILT_PRODUCTS_DIR; };
		64FC79E823512A100043366E /* AppDelegate.swift */ = {isa = PBXFileReference; lastKnownFileType = sourcecode.swift; path = AppDelegate.swift; sourceTree = "<group>"; };
		64FC79EA23512A100043366E /* SceneDelegate.swift */ = {isa = PBXFileReference; lastKnownFileType = sourcecode.swift; path = SceneDelegate.swift; sourceTree = "<group>"; };
		64FC79EC23512A100043366E /* ViewController.swift */ = {isa = PBXFileReference; lastKnownFileType = sourcecode.swift; path = ViewController.swift; sourceTree = "<group>"; };
		64FC79EF23512A100043366E /* Base */ = {isa = PBXFileReference; lastKnownFileType = file.storyboard; name = Base; path = Base.lproj/Main.storyboard; sourceTree = "<group>"; };
		64FC79F123512A130043366E /* Assets.xcassets */ = {isa = PBXFileReference; lastKnownFileType = folder.assetcatalog; path = Assets.xcassets; sourceTree = "<group>"; };
		64FC79F423512A130043366E /* Base */ = {isa = PBXFileReference; lastKnownFileType = file.storyboard; name = Base; path = Base.lproj/LaunchScreen.storyboard; sourceTree = "<group>"; };
		64FC79F623512A130043366E /* Info.plist */ = {isa = PBXFileReference; lastKnownFileType = text.plist.xml; path = Info.plist; sourceTree = "<group>"; };
		64FC79FB23512A140043366E /* LoginScreenTests.xctest */ = {isa = PBXFileReference; explicitFileType = wrapper.cfbundle; includeInIndex = 0; path = LoginScreenTests.xctest; sourceTree = BUILT_PRODUCTS_DIR; };
		64FC79FF23512A140043366E /* LoginScreenTests.swift */ = {isa = PBXFileReference; lastKnownFileType = sourcecode.swift; path = LoginScreenTests.swift; sourceTree = "<group>"; };
		64FC7A0123512A140043366E /* Info.plist */ = {isa = PBXFileReference; lastKnownFileType = text.plist.xml; path = Info.plist; sourceTree = "<group>"; };
		64FC7A0623512A140043366E /* LoginScreenUITests.xctest */ = {isa = PBXFileReference; explicitFileType = wrapper.cfbundle; includeInIndex = 0; path = LoginScreenUITests.xctest; sourceTree = BUILT_PRODUCTS_DIR; };
		64FC7A0A23512A140043366E /* LoginScreenUITests.swift */ = {isa = PBXFileReference; lastKnownFileType = sourcecode.swift; path = LoginScreenUITests.swift; sourceTree = "<group>"; };
		64FC7A0C23512A140043366E /* Info.plist */ = {isa = PBXFileReference; lastKnownFileType = text.plist.xml; path = Info.plist; sourceTree = "<group>"; };
/* End PBXFileReference section */

/* Begin PBXFrameworksBuildPhase section */
		64FC79E223512A100043366E /* Frameworks */ = {
			isa = PBXFrameworksBuildPhase;
			buildActionMask = 2147483647;
			files = (
			);
			runOnlyForDeploymentPostprocessing = 0;
		};
		64FC79F823512A140043366E /* Frameworks */ = {
			isa = PBXFrameworksBuildPhase;
			buildActionMask = 2147483647;
			files = (
			);
			runOnlyForDeploymentPostprocessing = 0;
		};
		64FC7A0323512A140043366E /* Frameworks */ = {
			isa = PBXFrameworksBuildPhase;
			buildActionMask = 2147483647;
			files = (
			);
			runOnlyForDeploymentPostprocessing = 0;
		};
/* End PBXFrameworksBuildPhase section */

/* Begin PBXGroup section */
		64FC79DC23512A0F0043366E = {
			isa = PBXGroup;
			children = (
				646AC747235A6B3A00B9DBF4 /* Username controller.swift */,
				64FC79E723512A100043366E /* LoginScreen */,
				64FC79FE23512A140043366E /* LoginScreenTests */,
				64FC7A0923512A140043366E /* LoginScreenUITests */,
				64FC79E623512A100043366E /* Products */,
			);
			sourceTree = "<group>";
		};
		64FC79E623512A100043366E /* Products */ = {
			isa = PBXGroup;
			children = (
				64FC79E523512A100043366E /* LoginScreen.app */,
				64FC79FB23512A140043366E /* LoginScreenTests.xctest */,
				64FC7A0623512A140043366E /* LoginScreenUITests.xctest */,
			);
			name = Products;
			sourceTree = "<group>";
		};
		64FC79E723512A100043366E /* LoginScreen */ = {
			isa = PBXGroup;
			children = (
				64FC79E823512A100043366E /* AppDelegate.swift */,
				64FC79EA23512A100043366E /* SceneDelegate.swift */,
				64FC79EC23512A100043366E /* ViewController.swift */,
				64FC79EE23512A100043366E /* Main.storyboard */,
				64FC79F123512A130043366E /* Assets.xcassets */,
				64FC79F323512A130043366E /* LaunchScreen.storyboard */,
				64FC79F623512A130043366E /* Info.plist */,
			);
			path = LoginScreen;
			sourceTree = "<group>";
		};
		64FC79FE23512A140043366E /* LoginScreenTests */ = {
			isa = PBXGroup;
			children = (
				64FC79FF23512A140043366E /* LoginScreenTests.swift */,
				64FC7A0123512A140043366E /* Info.plist */,
			);
			path = LoginScreenTests;
			sourceTree = "<group>";
		};
		64FC7A0923512A140043366E /* LoginScreenUITests */ = {
			isa = PBXGroup;
			children = (
				64FC7A0A23512A140043366E /* LoginScreenUITests.swift */,
				64FC7A0C23512A140043366E /* Info.plist */,
			);
			path = LoginScreenUITests;
			sourceTree = "<group>";
		};
/* End PBXGroup section */

/* Begin PBXNativeTarget section */
		64FC79E423512A100043366E /* LoginScreen */ = {
			isa = PBXNativeTarget;
			buildConfigurationList = 64FC7A0F23512A140043366E /* Build configuration list for PBXNativeTarget "LoginScreen" */;
			buildPhases = (
				64FC79E123512A100043366E /* Sources */,
				64FC79E223512A100043366E /* Frameworks */,
				64FC79E323512A100043366E /* Resources */,
			);
			buildRules = (
			);
			dependencies = (
			);
			name = LoginScreen;
			productName = LoginScreen;
			productReference = 64FC79E523512A100043366E /* LoginScreen.app */;
			productType = "com.apple.product-type.application";
		};
		64FC79FA23512A140043366E /* LoginScreenTests */ = {
			isa = PBXNativeTarget;
			buildConfigurationList = 64FC7A1223512A140043366E /* Build configuration list for PBXNativeTarget "LoginScreenTests" */;
			buildPhases = (
				64FC79F723512A140043366E /* Sources */,
				64FC79F823512A140043366E /* Frameworks */,
				64FC79F923512A140043366E /* Resources */,
			);
			buildRules = (
			);
			dependencies = (
				64FC79FD23512A140043366E /* PBXTargetDependency */,
			);
			name = LoginScreenTests;
			productName = LoginScreenTests;
			productReference = 64FC79FB23512A140043366E /* LoginScreenTests.xctest */;
			productType = "com.apple.product-type.bundle.unit-test";
		};
		64FC7A0523512A140043366E /* LoginScreenUITests */ = {
			isa = PBXNativeTarget;
			buildConfigurationList = 64FC7A1523512A140043366E /* Build configuration list for PBXNativeTarget "LoginScreenUITests" */;
			buildPhases = (
				64FC7A0223512A140043366E /* Sources */,
				64FC7A0323512A140043366E /* Frameworks */,
				64FC7A0423512A140043366E /* Resources */,
			);
			buildRules = (
			);
			dependencies = (
				64FC7A0823512A140043366E /* PBXTargetDependency */,
			);
			name = LoginScreenUITests;
			productName = LoginScreenUITests;
			productReference = 64FC7A0623512A140043366E /* LoginScreenUITests.xctest */;
			productType = "com.apple.product-type.bundle.ui-testing";
		};
/* End PBXNativeTarget section */

/* Begin PBXProject section */
		64FC79DD23512A0F0043366E /* Project object */ = {
			isa = PBXProject;
			attributes = {
				LastSwiftUpdateCheck = 1100;
				LastUpgradeCheck = 1100;
				ORGANIZATIONNAME = "Abasiama Ibanga";
				TargetAttributes = {
					64FC79E423512A100043366E = {
						CreatedOnToolsVersion = 11.0;
					};
					64FC79FA23512A140043366E = {
						CreatedOnToolsVersion = 11.0;
						TestTargetID = 64FC79E423512A100043366E;
					};
					64FC7A0523512A140043366E = {
						CreatedOnToolsVersion = 11.0;
						TestTargetID = 64FC79E423512A100043366E;
					};
				};
			};
			buildConfigurationList = 64FC79E023512A0F0043366E /* Build configuration list for PBXProject "LoginScreen" */;
			compatibilityVersion = "Xcode 9.3";
			developmentRegion = en;
			hasScannedForEncodings = 0;
			knownRegions = (
				en,
				Base,
			);
			mainGroup = 64FC79DC23512A0F0043366E;
			productRefGroup = 64FC79E623512A100043366E /* Products */;
			projectDirPath = "";
			projectRoot = "";
			targets = (
				64FC79E423512A100043366E /* LoginScreen */,
				64FC79FA23512A140043366E /* LoginScreenTests */,
				64FC7A0523512A140043366E /* LoginScreenUITests */,
			);
		};
/* End PBXProject section */

/* Begin PBXResourcesBuildPhase section */
		64FC79E323512A100043366E /* Resources */ = {
			isa = PBXResourcesBuildPhase;
			buildActionMask = 2147483647;
			files = (
				64FC79F523512A130043366E /* LaunchScreen.storyboard in Resources */,
				64FC79F223512A130043366E /* Assets.xcassets in Resources */,
				64FC79F023512A100043366E /* Main.storyboard in Resources */,
			);
			runOnlyForDeploymentPostprocessing = 0;
		};
		64FC79F923512A140043366E /* Resources */ = {
			isa = PBXResourcesBuildPhase;
			buildActionMask = 2147483647;
			files = (
			);
			runOnlyForDeploymentPostprocessing = 0;
		};
		64FC7A0423512A140043366E /* Resources */ = {
			isa = PBXResourcesBuildPhase;
			buildActionMask = 2147483647;
			files = (
			);
			runOnlyForDeploymentPostprocessing = 0;
		};
/* End PBXResourcesBuildPhase section */

/* Begin PBXSourcesBuildPhase section */
		64FC79E123512A100043366E /* Sources */ = {
			isa = PBXSourcesBuildPhase;
			buildActionMask = 2147483647;
			files = (
				646AC748235A6B3A00B9DBF4 /* Username controller.swift in Sources */,
				64FC79ED23512A100043366E /* ViewController.swift in Sources */,
				64FC79E923512A100043366E /* AppDelegate.swift in Sources */,
				64FC79EB23512A100043366E /* SceneDelegate.swift in Sources */,
			);
			runOnlyForDeploymentPostprocessing = 0;
		};
		64FC79F723512A140043366E /* Sources */ = {
			isa = PBXSourcesBuildPhase;
			buildActionMask = 2147483647;
			files = (
				64FC7A0023512A140043366E /* LoginScreenTests.swift in Sources */,
			);
			runOnlyForDeploymentPostprocessing = 0;
		};
		64FC7A0223512A140043366E /* Sources */ = {
			isa = PBXSourcesBuildPhase;
			buildActionMask = 2147483647;
			files = (
				64FC7A0B23512A140043366E /* LoginScreenUITests.swift in Sources */,
			);
			runOnlyForDeploymentPostprocessing = 0;
		};
/* End PBXSourcesBuildPhase section */

/* Begin PBXTargetDependency section */
		64FC79FD23512A140043366E /* PBXTargetDependency */ = {
			isa = PBXTargetDependency;
			target = 64FC79E423512A100043366E /* LoginScreen */;
			targetProxy = 64FC79FC23512A140043366E /* PBXContainerItemProxy */;
		};
		64FC7A0823512A140043366E /* PBXTargetDependency */ = {
			isa = PBXTargetDependency;
			target = 64FC79E423512A100043366E /* LoginScreen */;
			targetProxy = 64FC7A0723512A140043366E /* PBXContainerItemProxy */;
		};
/* End PBXTargetDependency section */

/* Begin PBXVariantGroup section */
		64FC79EE23512A100043366E /* Main.storyboard */ = {
			isa = PBXVariantGroup;
			children = (
				64FC79EF23512A100043366E /* Base */,
			);
			name = Main.storyboard;
			sourceTree = "<group>";
		};
		64FC79F323512A130043366E /* LaunchScreen.storyboard */ = {
			isa = PBXVariantGroup;
			children = (
				64FC79F423512A130043366E /* Base */,
			);
			name = LaunchScreen.storyboard;
			sourceTree = "<group>";
		};
/* End PBXVariantGroup section */

/* Begin XCBuildConfiguration section */
		64FC7A0D23512A140043366E /* Debug */ = {
			isa = XCBuildConfiguration;
			buildSettings = {
				ALWAYS_SEARCH_USER_PATHS = NO;
				CLANG_ANALYZER_NONNULL = YES;
				CLANG_ANALYZER_NUMBER_OBJECT_CONVERSION = YES_AGGRESSIVE;
				CLANG_CXX_LANGUAGE_STANDARD = "gnu++14";
				CLANG_CXX_LIBRARY = "libc++";
				CLANG_ENABLE_MODULES = YES;
				CLANG_ENABLE_OBJC_ARC = YES;
				CLANG_ENABLE_OBJC_WEAK = YES;
				CLANG_WARN_BLOCK_CAPTURE_AUTORELEASING = YES;
				CLANG_WARN_BOOL_CONVERSION = YES;
				CLANG_WARN_COMMA = YES;
				CLANG_WARN_CONSTANT_CONVERSION = YES;
				CLANG_WARN_DEPRECATED_OBJC_IMPLEMENTATIONS = YES;
				CLANG_WARN_DIRECT_OBJC_ISA_USAGE = YES_ERROR;
				CLANG_WARN_DOCUMENTATION_COMMENTS = YES;
				CLANG_WARN_EMPTY_BODY = YES;
				CLANG_WARN_ENUM_CONVERSION = YES;
				CLANG_WARN_INFINITE_RECURSION = YES;
				CLANG_WARN_INT_CONVERSION = YES;
				CLANG_WARN_NON_LITERAL_NULL_CONVERSION = YES;
				CLANG_WARN_OBJC_IMPLICIT_RETAIN_SELF = YES;
				CLANG_WARN_OBJC_LITERAL_CONVERSION = YES;
				CLANG_WARN_OBJC_ROOT_CLASS = YES_ERROR;
				CLANG_WARN_RANGE_LOOP_ANALYSIS = YES;
				CLANG_WARN_STRICT_PROTOTYPES = YES;
				CLANG_WARN_SUSPICIOUS_MOVE = YES;
				CLANG_WARN_UNGUARDED_AVAILABILITY = YES_AGGRESSIVE;
				CLANG_WARN_UNREACHABLE_CODE = YES;
				CLANG_WARN__DUPLICATE_METHOD_MATCH = YES;
				COPY_PHASE_STRIP = NO;
				DEBUG_INFORMATION_FORMAT = dwarf;
				ENABLE_STRICT_OBJC_MSGSEND = YES;
				ENABLE_TESTABILITY = YES;
				GCC_C_LANGUAGE_STANDARD = gnu11;
				GCC_DYNAMIC_NO_PIC = NO;
				GCC_NO_COMMON_BLOCKS = YES;
				GCC_OPTIMIZATION_LEVEL = 0;
				GCC_PREPROCESSOR_DEFINITIONS = (
					"DEBUG=1",
					"$(inherited)",
				);
				GCC_WARN_64_TO_32_BIT_CONVERSION = YES;
				GCC_WARN_ABOUT_RETURN_TYPE = YES_ERROR;
				GCC_WARN_UNDECLARED_SELECTOR = YES;
				GCC_WARN_UNINITIALIZED_AUTOS = YES_AGGRESSIVE;
				GCC_WARN_UNUSED_FUNCTION = YES;
				GCC_WARN_UNUSED_VARIABLE = YES;
				IPHONEOS_DEPLOYMENT_TARGET = 13.0;
				MTL_ENABLE_DEBUG_INFO = INCLUDE_SOURCE;
				MTL_FAST_MATH = YES;
				ONLY_ACTIVE_ARCH = YES;
				SDKROOT = iphoneos;
				SWIFT_ACTIVE_COMPILATION_CONDITIONS = DEBUG;
				SWIFT_OPTIMIZATION_LEVEL = "-Onone";
			};
			name = Debug;
		};
		64FC7A0E23512A140043366E /* Release */ = {
			isa = XCBuildConfiguration;
			buildSettings = {
				ALWAYS_SEARCH_USER_PATHS = NO;
				CLANG_ANALYZER_NONNULL = YES;
				CLANG_ANALYZER_NUMBER_OBJECT_CONVERSION = YES_AGGRESSIVE;
				CLANG_CXX_LANGUAGE_STANDARD = "gnu++14";
				CLANG_CXX_LIBRARY = "libc++";
				CLANG_ENABLE_MODULES = YES;
				CLANG_ENABLE_OBJC_ARC = YES;
				CLANG_ENABLE_OBJC_WEAK = YES;
				CLANG_WARN_BLOCK_CAPTURE_AUTORELEASING = YES;
				CLANG_WARN_BOOL_CONVERSION = YES;
				CLANG_WARN_COMMA = YES;
				CLANG_WARN_CONSTANT_CONVERSION = YES;
				CLANG_WARN_DEPRECATED_OBJC_IMPLEMENTATIONS = YES;
				CLANG_WARN_DIRECT_OBJC_ISA_USAGE = YES_ERROR;
				CLANG_WARN_DOCUMENTATION_COMMENTS = YES;
				CLANG_WARN_EMPTY_BODY = YES;
				CLANG_WARN_ENUM_CONVERSION = YES;
				CLANG_WARN_INFINITE_RECURSION = YES;
				CLANG_WARN_INT_CONVERSION = YES;
				CLANG_WARN_NON_LITERAL_NULL_CONVERSION = YES;
				CLANG_WARN_OBJC_IMPLICIT_RETAIN_SELF = YES;
				CLANG_WARN_OBJC_LITERAL_CONVERSION = YES;
				CLANG_WARN_OBJC_ROOT_CLASS = YES_ERROR;
				CLANG_WARN_RANGE_LOOP_ANALYSIS = YES;
				CLANG_WARN_STRICT_PROTOTYPES = YES;
				CLANG_WARN_SUSPICIOUS_MOVE = YES;
				CLANG_WARN_UNGUARDED_AVAILABILITY = YES_AGGRESSIVE;
				CLANG_WARN_UNREACHABLE_CODE = YES;
				CLANG_WARN__DUPLICATE_METHOD_MATCH = YES;
				COPY_PHASE_STRIP = NO;
				DEBUG_INFORMATION_FORMAT = "dwarf-with-dsym";
				ENABLE_NS_ASSERTIONS = NO;
				ENABLE_STRICT_OBJC_MSGSEND = YES;
				GCC_C_LANGUAGE_STANDARD = gnu11;
				GCC_NO_COMMON_BLOCKS = YES;
				GCC_WARN_64_TO_32_BIT_CONVERSION = YES;
				GCC_WARN_ABOUT_RETURN_TYPE = YES_ERROR;
				GCC_WARN_UNDECLARED_SELECTOR = YES;
				GCC_WARN_UNINITIALIZED_AUTOS = YES_AGGRESSIVE;
				GCC_WARN_UNUSED_FUNCTION = YES;
				GCC_WARN_UNUSED_VARIABLE = YES;
				IPHONEOS_DEPLOYMENT_TARGET = 13.0;
				MTL_ENABLE_DEBUG_INFO = NO;
				MTL_FAST_MATH = YES;
				SDKROOT = iphoneos;
				SWIFT_COMPILATION_MODE = wholemodule;
				SWIFT_OPTIMIZATION_LEVEL = "-O";
				VALIDATE_PRODUCT = YES;
			};
			name = Release;
		};
		64FC7A1023512A140043366E /* Debug */ = {
			isa = XCBuildConfiguration;
			buildSettings = {
				ASSETCATALOG_COMPILER_APPICON_NAME = AppIcon;
				CODE_SIGN_STYLE = Automatic;
				INFOPLIST_FILE = LoginScreen/Info.plist;
				LD_RUNPATH_SEARCH_PATHS = (
					"$(inherited)",
					"@executable_path/Frameworks",
				);
				PRODUCT_BUNDLE_IDENTIFIER = com.example.LoginScreen;
				PRODUCT_NAME = "$(TARGET_NAME)";
				SWIFT_VERSION = 5.0;
				TARGETED_DEVICE_FAMILY = "1,2";
			};
			name = Debug;
		};
		64FC7A1123512A140043366E /* Release */ = {
			isa = XCBuildConfiguration;
			buildSettings = {
				ASSETCATALOG_COMPILER_APPICON_NAME = AppIcon;
				CODE_SIGN_STYLE = Automatic;
				INFOPLIST_FILE = LoginScreen/Info.plist;
				LD_RUNPATH_SEARCH_PATHS = (
					"$(inherited)",
					"@executable_path/Frameworks",
				);
				PRODUCT_BUNDLE_IDENTIFIER = com.example.LoginScreen;
				PRODUCT_NAME = "$(TARGET_NAME)";
				SWIFT_VERSION = 5.0;
				TARGETED_DEVICE_FAMILY = "1,2";
			};
			name = Release;
		};
		64FC7A1323512A140043366E /* Debug */ = {
			isa = XCBuildConfiguration;
			buildSettings = {
				ALWAYS_EMBED_SWIFT_STANDARD_LIBRARIES = YES;
				BUNDLE_LOADER = "$(TEST_HOST)";
				CODE_SIGN_STYLE = Automatic;
				INFOPLIST_FILE = LoginScreenTests/Info.plist;
				IPHONEOS_DEPLOYMENT_TARGET = 13.0;
				LD_RUNPATH_SEARCH_PATHS = (
					"$(inherited)",
					"@executable_path/Frameworks",
					"@loader_path/Frameworks",
				);
				PRODUCT_BUNDLE_IDENTIFIER = com.example.LoginScreenTests;
				PRODUCT_NAME = "$(TARGET_NAME)";
				SWIFT_VERSION = 5.0;
				TARGETED_DEVICE_FAMILY = "1,2";
				TEST_HOST = "$(BUILT_PRODUCTS_DIR)/LoginScreen.app/LoginScreen";
			};
			name = Debug;
		};
		64FC7A1423512A140043366E /* Release */ = {
			isa = XCBuildConfiguration;
			buildSettings = {
				ALWAYS_EMBED_SWIFT_STANDARD_LIBRARIES = YES;
				BUNDLE_LOADER = "$(TEST_HOST)";
				CODE_SIGN_STYLE = Automatic;
				INFOPLIST_FILE = LoginScreenTests/Info.plist;
				IPHONEOS_DEPLOYMENT_TARGET = 13.0;
				LD_RUNPATH_SEARCH_PATHS = (
					"$(inherited)",
					"@executable_path/Frameworks",
					"@loader_path/Frameworks",
				);
				PRODUCT_BUNDLE_IDENTIFIER = com.example.LoginScreenTests;
				PRODUCT_NAME = "$(TARGET_NAME)";
				SWIFT_VERSION = 5.0;
				TARGETED_DEVICE_FAMILY = "1,2";
				TEST_HOST = "$(BUILT_PRODUCTS_DIR)/LoginScreen.app/LoginScreen";
			};
			name = Release;
		};
		64FC7A1623512A140043366E /* Debug */ = {
			isa = XCBuildConfiguration;
			buildSettings = {
				ALWAYS_EMBED_SWIFT_STANDARD_LIBRARIES = YES;
				CODE_SIGN_STYLE = Automatic;
				INFOPLIST_FILE = LoginScreenUITests/Info.plist;
				LD_RUNPATH_SEARCH_PATHS = (
					"$(inherited)",
					"@executable_path/Frameworks",
					"@loader_path/Frameworks",
				);
				PRODUCT_BUNDLE_IDENTIFIER = com.example.LoginScreenUITests;
				PRODUCT_NAME = "$(TARGET_NAME)";
				SWIFT_VERSION = 5.0;
				TARGETED_DEVICE_FAMILY = "1,2";
				TEST_TARGET_NAME = LoginScreen;
			};
			name = Debug;
		};
		64FC7A1723512A140043366E /* Release */ = {
			isa = XCBuildConfiguration;
			buildSettings = {
				ALWAYS_EMBED_SWIFT_STANDARD_LIBRARIES = YES;
				CODE_SIGN_STYLE = Automatic;
				INFOPLIST_FILE = LoginScreenUITests/Info.plist;
				LD_RUNPATH_SEARCH_PATHS = (
					"$(inherited)",
					"@executable_path/Frameworks",
					"@loader_path/Frameworks",
				);
				PRODUCT_BUNDLE_IDENTIFIER = com.example.LoginScreenUITests;
				PRODUCT_NAME = "$(TARGET_NAME)";
				SWIFT_VERSION = 5.0;
				TARGETED_DEVICE_FAMILY = "1,2";
				TEST_TARGET_NAME = LoginScreen;
			};
			name = Release;
		};
/* End XCBuildConfiguration section */

/* Begin XCConfigurationList section */
		64FC79E023512A0F0043366E /* Build configuration list for PBXProject "LoginScreen" */ = {
			isa = XCConfigurationList;
			buildConfigurations = (
				64FC7A0D23512A140043366E /* Debug */,
				64FC7A0E23512A140043366E /* Release */,
			);
			defaultConfigurationIsVisible = 0;
			defaultConfigurationName = Release;
		};
		64FC7A0F23512A140043366E /* Build configuration list for PBXNativeTarget "LoginScreen" */ = {
			isa = XCConfigurationList;
			buildConfigurations = (
				64FC7A1023512A140043366E /* Debug */,
				64FC7A1123512A140043366E /* Release */,
			);
			defaultConfigurationIsVisible = 0;
			defaultConfigurationName = Release;
		};
		64FC7A1223512A140043366E /* Build configuration list for PBXNativeTarget "LoginScreenTests" */ = {
			isa = XCConfigurationList;
			buildConfigurations = (
				64FC7A1323512A140043366E /* Debug */,
				64FC7A1423512A140043366E /* Release */,
			);
			defaultConfigurationIsVisible = 0;
			defaultConfigurationName = Release;
		};
		64FC7A1523512A140043366E /* Build configuration list for PBXNativeTarget "LoginScreenUITests" */ = {
			isa = XCConfigurationList;
			buildConfigurations = (
				64FC7A1623512A140043366E /* Debug */,
				64FC7A1723512A140043366E /* Release */,
			);
			defaultConfigurationIsVisible = 0;
			defaultConfigurationName = Release;
		};
/* End XCConfigurationList section */
	};
	rootObject = 64FC79DD23512A0F0043366E /* Project object */;
}
